<?xml version="1.0" encoding="utf-8"?>
<Project ToolsVersion="4.0" xmlns="http://schemas.microsoft.com/developer/msbuild/2003">
  <ItemGroup>
    <Filter Include="Source Files">
      <UniqueIdentifier>{6a3f3dc1-dba2-47e5-b468-7ab1062aabb4}</UniqueIdentifier>
    </Filter>
    <Filter Include="Header Files">
      <UniqueIdentifier>{cf955fc3-ae49-42e8-9923-b16720f79713}</UniqueIdentifier>
    </Filter>
  </ItemGroup>
  <ItemGroup>
    <ClCompile Include="AssemblyInfo.cpp">
      <Filter>Source Files</Filter>
    </ClCompile>
    <ClCompile Include="cfgVars.cpp">
      <Filter>Source Files</Filter>
    </ClCompile>
    <ClCompile Include="Command.cpp">
      <Filter>Source Files</Filter>
    </ClCompile>
    <ClCompile Include="component_client_managed.cpp">
      <Filter>Source Files</Filter>
    </ClCompile>
    <ClCompile Include="ComponentLoader.cpp">
      <Filter>Source Files</Filter>
    </ClCompile>
    <ClCompile Include="componentMain.cpp">
      <Filter>Source Files</Filter>
    </ClCompile>
    <ClCompile Include="configIOCallback.cpp">
      <Filter>Source Files</Filter>
    </ClCompile>
    <ClCompile Include="contextMenu.cpp">
      <Filter>Source Files</Filter>
    </ClCompile>
    <ClCompile Include="FileInfo.cpp">
      <Filter>Source Files</Filter>
    </ClCompile>
    <ClCompile Include="fooServices.cpp">
      <Filter>Source Files</Filter>
    </ClCompile>
    <ClCompile Include="initQuit.cpp">
      <Filter>Source Files</Filter>
    </ClCompile>
    <ClCompile Include="mainMenuCommands.cpp">
      <Filter>Source Files</Filter>
    </ClCompile>
    <ClCompile Include="mainMenuGroupPopup.cpp">
      <Filter>Source Files</Filter>
    </ClCompile>
    <ClCompile Include="ManagedWrapper.cpp">
      <Filter>Source Files</Filter>
    </ClCompile>
    <ClCompile Include="playCallback.cpp">
      <Filter>Source Files</Filter>
    </ClCompile>
    <ClCompile Include="prefPages.cpp">
      <Filter>Source Files</Filter>
    </ClCompile>
    <ClCompile Include="Stdafx.cpp">
      <Filter>Source Files</Filter>
    </ClCompile>
    <ClCompile Include="utils.cpp">
      <Filter>Source Files</Filter>
    </ClCompile>
  </ItemGroup>
  <ItemGroup>
    <ClInclude Include="cfgVars.h">
      <Filter>Header Files</Filter>
    </ClInclude>
    <ClInclude Include="cliMenu.h">
      <Filter>Header Files</Filter>
    </ClInclude>
    <ClInclude Include="Command.h">
      <Filter>Header Files</Filter>
    </ClInclude>
    <ClInclude Include="common.h">
      <Filter>Header Files</Filter>
    </ClInclude>
    <ClInclude Include="ComponentLoader.h">
      <Filter>Header Files</Filter>
    </ClInclude>
    <ClInclude Include="configIOCallback.h">
      <Filter>Header Files</Filter>
    </ClInclude>
    <ClInclude Include="FileInfo.h">
      <Filter>Header Files</Filter>
    </ClInclude>
    <ClInclude Include="fooServices.h">
      <Filter>Header Files</Filter>
    </ClInclude>
    <ClInclude Include="IClient.h">
      <Filter>Header Files</Filter>
    </ClInclude>
    <ClInclude Include="initQuit.h">
      <Filter>Header Files</Filter>
    </ClInclude>
    <ClInclude Include="mainMenuCommands.h">
      <Filter>Header Files</Filter>
    </ClInclude>
    <ClInclude Include="ManagedWrapper.h">
      <Filter>Header Files</Filter>
    </ClInclude>
    <ClInclude Include="playCallback.h">
      <Filter>Header Files</Filter>
    </ClInclude>
    <ClInclude Include="prefPages.h">
      <Filter>Header Files</Filter>
    </ClInclude>
    <ClInclude Include="Stdafx.h">
      <Filter>Header Files</Filter>
    </ClInclude>
    <ClInclude Include="utils.h">
      <Filter>Header Files</Filter>
    </ClInclude>
  </ItemGroup>
</Project>