
Microsoft Visual Studio Solution File, Format Version 12.00
# Visual Studio Version 16
VisualStudioVersion = 16.0.31624.102
MinimumVisualStudioVersion = 10.0.40219.1
Project("{9A19103F-16F7-4668-BE54-9A1E7A4F7556}") = "dotnet_title_bar", "..\dotnet_title_bar\dotnet_title_bar.csproj", "{916A762F-B98C-4700-B236-31981B959A40}"
EndProject
Project("{2150E333-8FDC-42A3-9474-1A3956D46DE8}") = "Solution Items", "Solution Items", "{D43D42C4-3A83-4D98-80D9-A3EC38A6EB16}"
	ProjectSection(SolutionItems) = preProject
		..\.editorconfig = ..\.editorconfig
	EndProjectSection
EndProject
Global
	GlobalSection(SolutionConfigurationPlatforms) = preSolution
		Debug|Win32 = Debug|Win32
		Release|Win32 = Release|Win32
	EndGlobalSection
	GlobalSection(ProjectConfigurationPlatforms) = postSolution
		{916A762F-B98C-4700-B236-31981B959A40}.Debug|Win32.ActiveCfg = Debug|Any CPU
		{916A762F-B98C-4700-B236-31981B959A40}.Debug|Win32.Build.0 = Debug|Any CPU
		{916A762F-B98C-4700-B236-31981B959A40}.Release|Win32.ActiveCfg = Release|Win32
		{916A762F-B98C-4700-B236-31981B959A40}.Release|Win32.Build.0 = Release|Win32
	EndGlobalSection
	GlobalSection(SolutionProperties) = preSolution
		HideSolutionNode = FALSE
	EndGlobalSection
	GlobalSection(ExtensibilityGlobals) = postSolution
		SolutionGuid = {F7C5D6A7-ADC0-4EB5-B8B7-59B38BE85725}
	EndGlobalSection
EndGlobal
